
Microsoft Visual Studio Solution File, Format Version 12.00
# Visual Studio 15
VisualStudioVersion = 15.0.27703.2026
MinimumVisualStudioVersion = 10.0.40219.1
Project("{FAE04EC0-301F-11D3-BF4B-00C04F79EFBC}") = "DemoSQLite.Android", "DemoSQLite\DemoSQLite.Android\DemoSQLite.Android.csproj", "{6F173204-A12B-468A-A260-23DDB161E16A}"
EndProject
Project("{FAE04EC0-301F-11D3-BF4B-00C04F79EFBC}") = "DemoSQLite.iOS", "DemoSQLite\DemoSQLite.iOS\DemoSQLite.iOS.csproj", "{CEA6FAD3-F5E9-4DB2-85A8-3BE3F98F1783}"
EndProject
Project("{D954291E-2A0B-460D-934E-DC6B0785DB48}") = "DemoSQLite", "DemoSQLite\DemoSQLite\DemoSQLite.shproj", "{DFCF854F-08F5-45E5-AB64-FCA073F0CA18}"
EndProject
Global
	GlobalSection(SharedMSBuildProjectFiles) = preSolution
		DemoSQLite\DemoSQLite\DemoSQLite.projitems*{6f173204-a12b-468a-a260-23ddb161e16a}*SharedItemsImports = 4
		DemoSQLite\DemoSQLite\DemoSQLite.projitems*{cea6fad3-f5e9-4db2-85a8-3be3f98f1783}*SharedItemsImports = 4
		DemoSQLite\DemoSQLite\DemoSQLite.projitems*{dfcf854f-08f5-45e5-ab64-fca073f0ca18}*SharedItemsImports = 13
	EndGlobalSection
	GlobalSection(SolutionConfigurationPlatforms) = preSolution
		Ad-Hoc|Any CPU = Ad-Hoc|Any CPU
		Ad-Hoc|iPhone = Ad-Hoc|iPhone
		Ad-Hoc|iPhoneSimulator = Ad-Hoc|iPhoneSimulator
		AppStore|Any CPU = AppStore|Any CPU
		AppStore|iPhone = AppStore|iPhone
		AppStore|iPhoneSimulator = AppStore|iPhoneSimulator
		Debug|Any CPU = Debug|Any CPU
		Debug|iPhone = Debug|iPhone
		Debug|iPhoneSimulator = Debug|iPhoneSimulator
		Release|Any CPU = Release|Any CPU
		Release|iPhone = Release|iPhone
		Release|iPhoneSimulator = Release|iPhoneSimulator
	EndGlobalSection
	GlobalSection(ProjectConfigurationPlatforms) = postSolution
		{6F173204-A12B-468A-A260-23DDB161E16A}.Ad-Hoc|Any CPU.ActiveCfg = Release|Any CPU
		{6F173204-A12B-468A-A260-23DDB161E16A}.Ad-Hoc|Any CPU.Build.0 = Release|Any CPU
		{6F173204-A12B-468A-A260-23DDB161E16A}.Ad-Hoc|Any CPU.Deploy.0 = Release|Any CPU
		{6F173204-A12B-468A-A260-23DDB161E16A}.Ad-Hoc|iPhone.ActiveCfg = Release|Any CPU
		{6F173204-A12B-468A-A260-23DDB161E16A}.Ad-Hoc|iPhone.Build.0 = Release|Any CPU
		{6F173204-A12B-468A-A260-23DDB161E16A}.Ad-Hoc|iPhone.Deploy.0 = Release|Any CPU
		{6F173204-A12B-468A-A260-23DDB161E16A}.Ad-Hoc|iPhoneSimulator.ActiveCfg = Release|Any CPU
		{6F173204-A12B-468A-A260-23DDB161E16A}.Ad-Hoc|iPhoneSimulator.Build.0 = Release|Any CPU
		{6F173204-A12B-468A-A260-23DDB161E16A}.Ad-Hoc|iPhoneSimulator.Deploy.0 = Release|Any CPU
		{6F173204-A12B-468A-A260-23DDB161E16A}.AppStore|Any CPU.ActiveCfg = Release|Any CPU
		{6F173204-A12B-468A-A260-23DDB161E16A}.AppStore|Any CPU.Build.0 = Release|Any CPU
		{6F173204-A12B-468A-A260-23DDB161E16A}.AppStore|Any CPU.Deploy.0 = Release|Any CPU
		{6F173204-A12B-468A-A260-23DDB161E16A}.AppStore|iPhone.ActiveCfg = Release|Any CPU
		{6F173204-A12B-468A-A260-23DDB161E16A}.AppStore|iPhone.Build.0 = Release|Any CPU
		{6F173204-A12B-468A-A260-23DDB161E16A}.AppStore|iPhone.Deploy.0 = Release|Any CPU
		{6F173204-A12B-468A-A260-23DDB161E16A}.AppStore|iPhoneSimulator.ActiveCfg = Release|Any CPU
		{6F173204-A12B-468A-A260-23DDB161E16A}.AppStore|iPhoneSimulator.Build.0 = Release|Any CPU
		{6F173204-A12B-468A-A260-23DDB161E16A}.AppStore|iPhoneSimulator.Deploy.0 = Release|Any CPU
		{6F173204-A12B-468A-A260-23DDB161E16A}.Debug|Any CPU.ActiveCfg = Debug|Any CPU
		{6F173204-A12B-468A-A260-23DDB161E16A}.Debug|Any CPU.Build.0 = Debug|Any CPU
		{6F173204-A12B-468A-A260-23DDB161E16A}.Debug|Any CPU.Deploy.0 = Debug|Any CPU
		{6F173204-A12B-468A-A260-23DDB161E16A}.Debug|iPhone.ActiveCfg = Debug|Any CPU
		{6F173204-A12B-468A-A260-23DDB161E16A}.Debug|iPhone.Build.0 = Debug|Any CPU
		{6F173204-A12B-468A-A260-23DDB161E16A}.Debug|iPhone.Deploy.0 = Debug|Any CPU
		{6F173204-A12B-468A-A260-23DDB161E16A}.Debug|iPhoneSimulator.ActiveCfg = Debug|Any CPU
		{6F173204-A12B-468A-A260-23DDB161E16A}.Debug|iPhoneSimulator.Build.0 = Debug|Any CPU
		{6F173204-A12B-468A-A260-23DDB161E16A}.Debug|iPhoneSimulator.Deploy.0 = Debug|Any CPU
		{6F173204-A12B-468A-A260-23DDB161E16A}.Release|Any CPU.ActiveCfg = Release|Any CPU
		{6F173204-A12B-468A-A260-23DDB161E16A}.Release|Any CPU.Build.0 = Release|Any CPU
		{6F173204-A12B-468A-A260-23DDB161E16A}.Release|Any CPU.Deploy.0 = Release|Any CPU
		{6F173204-A12B-468A-A260-23DDB161E16A}.Release|iPhone.ActiveCfg = Release|Any CPU
		{6F173204-A12B-468A-A260-23DDB161E16A}.Release|iPhone.Build.0 = Release|Any CPU
		{6F173204-A12B-468A-A260-23DDB161E16A}.Release|iPhone.Deploy.0 = Release|Any CPU
		{6F173204-A12B-468A-A260-23DDB161E16A}.Release|iPhoneSimulator.ActiveCfg = Release|Any CPU
		{6F173204-A12B-468A-A260-23DDB161E16A}.Release|iPhoneSimulator.Build.0 = Release|Any CPU
		{6F173204-A12B-468A-A260-23DDB161E16A}.Release|iPhoneSimulator.Deploy.0 = Release|Any CPU
		{CEA6FAD3-F5E9-4DB2-85A8-3BE3F98F1783}.Ad-Hoc|Any CPU.ActiveCfg = Ad-Hoc|iPhone
		{CEA6FAD3-F5E9-4DB2-85A8-3BE3F98F1783}.Ad-Hoc|Any CPU.Build.0 = Ad-Hoc|iPhone
		{CEA6FAD3-F5E9-4DB2-85A8-3BE3F98F1783}.Ad-Hoc|Any CPU.Deploy.0 = Ad-Hoc|iPhone
		{CEA6FAD3-F5E9-4DB2-85A8-3BE3F98F1783}.Ad-Hoc|iPhone.ActiveCfg = Ad-Hoc|iPhone
		{CEA6FAD3-F5E9-4DB2-85A8-3BE3F98F1783}.Ad-Hoc|iPhone.Build.0 = Ad-Hoc|iPhone
		{CEA6FAD3-F5E9-4DB2-85A8-3BE3F98F1783}.Ad-Hoc|iPhone.Deploy.0 = Ad-Hoc|iPhone
		{CEA6FAD3-F5E9-4DB2-85A8-3BE3F98F1783}.Ad-Hoc|iPhoneSimulator.ActiveCfg = Ad-Hoc|iPhoneSimulator
		{CEA6FAD3-F5E9-4DB2-85A8-3BE3F98F1783}.Ad-Hoc|iPhoneSimulator.Build.0 = Ad-Hoc|iPhoneSimulator
		{CEA6FAD3-F5E9-4DB2-85A8-3BE3F98F1783}.Ad-Hoc|iPhoneSimulator.Deploy.0 = Ad-Hoc|iPhoneSimulator
		{CEA6FAD3-F5E9-4DB2-85A8-3BE3F98F1783}.AppStore|Any CPU.ActiveCfg = AppStore|iPhone
		{CEA6FAD3-F5E9-4DB2-85A8-3BE3F98F1783}.AppStore|Any CPU.Build.0 = AppStore|iPhone
		{CEA6FAD3-F5E9-4DB2-85A8-3BE3F98F1783}.AppStore|Any CPU.Deploy.0 = AppStore|iPhone
		{CEA6FAD3-F5E9-4DB2-85A8-3BE3F98F1783}.AppStore|iPhone.ActiveCfg = AppStore|iPhone
		{CEA6FAD3-F5E9-4DB2-85A8-3BE3F98F1783}.AppStore|iPhone.Build.0 = AppStore|iPhone
		{CEA6FAD3-F5E9-4DB2-85A8-3BE3F98F1783}.AppStore|iPhone.Deploy.0 = AppStore|iPhone
		{CEA6FAD3-F5E9-4DB2-85A8-3BE3F98F1783}.AppStore|iPhoneSimulator.ActiveCfg = AppStore|iPhoneSimulator
		{CEA6FAD3-F5E9-4DB2-85A8-3BE3F98F1783}.AppStore|iPhoneSimulator.Build.0 = AppStore|iPhoneSimulator
		{CEA6FAD3-F5E9-4DB2-85A8-3BE3F98F1783}.AppStore|iPhoneSimulator.Deploy.0 = AppStore|iPhoneSimulator
		{CEA6FAD3-F5E9-4DB2-85A8-3BE3F98F1783}.Debug|Any CPU.ActiveCfg = Debug|iPhoneSimulator
		{CEA6FAD3-F5E9-4DB2-85A8-3BE3F98F1783}.Debug|Any CPU.Build.0 = Debug|iPhoneSimulator
		{CEA6FAD3-F5E9-4DB2-85A8-3BE3F98F1783}.Debug|Any CPU.Deploy.0 = Debug|iPhoneSimulator
		{CEA6FAD3-F5E9-4DB2-85A8-3BE3F98F1783}.Debug|iPhone.ActiveCfg = Debug|iPhone
		{CEA6FAD3-F5E9-4DB2-85A8-3BE3F98F1783}.Debug|iPhone.Build.0 = Debug|iPhone
		{CEA6FAD3-F5E9-4DB2-85A8-3BE3F98F1783}.Debug|iPhone.Deploy.0 = Debug|iPhone
		{CEA6FAD3-F5E9-4DB2-85A8-3BE3F98F1783}.Debug|iPhoneSimulator.ActiveCfg = Debug|iPhoneSimulator
		{CEA6FAD3-F5E9-4DB2-85A8-3BE3F98F1783}.Debug|iPhoneSimulator.Build.0 = Debug|iPhoneSimulator
		{CEA6FAD3-F5E9-4DB2-85A8-3BE3F98F1783}.Debug|iPhoneSimulator.Deploy.0 = Debug|iPhoneSimulator
		{CEA6FAD3-F5E9-4DB2-85A8-3BE3F98F1783}.Release|Any CPU.ActiveCfg = Release|iPhone
		{CEA6FAD3-F5E9-4DB2-85A8-3BE3F98F1783}.Release|Any CPU.Build.0 = Release|iPhone
		{CEA6FAD3-F5E9-4DB2-85A8-3BE3F98F1783}.Release|Any CPU.Deploy.0 = Release|iPhone
		{CEA6FAD3-F5E9-4DB2-85A8-3BE3F98F1783}.Release|iPhone.ActiveCfg = Release|iPhone
		{CEA6FAD3-F5E9-4DB2-85A8-3BE3F98F1783}.Release|iPhone.Build.0 = Release|iPhone
		{CEA6FAD3-F5E9-4DB2-85A8-3BE3F98F1783}.Release|iPhone.Deploy.0 = Release|iPhone
		{CEA6FAD3-F5E9-4DB2-85A8-3BE3F98F1783}.Release|iPhoneSimulator.ActiveCfg = Release|iPhoneSimulator
		{CEA6FAD3-F5E9-4DB2-85A8-3BE3F98F1783}.Release|iPhoneSimulator.Build.0 = Release|iPhoneSimulator
		{CEA6FAD3-F5E9-4DB2-85A8-3BE3F98F1783}.Release|iPhoneSimulator.Deploy.0 = Release|iPhoneSimulator
	EndGlobalSection
	GlobalSection(SolutionProperties) = preSolution
		HideSolutionNode = FALSE
	EndGlobalSection
	GlobalSection(ExtensibilityGlobals) = postSolution
		SolutionGuid = {33F578D3-E3BB-45AE-9F7C-16B2ECE8DB68}
	EndGlobalSection
EndGlobal
